{
  "name": "formation-components",
  "version": "0.0.1",
  "lockfileVersion": 1,
  "requires": true,
  "dependencies": {
    "codemirror": {
      "version": "5.38.0",
      "resolved": "https://registry.npmjs.org/codemirror/-/codemirror-5.38.0.tgz",
      "integrity": "sha512-PEPnDg8U3DTGFB/Dn2T/INiRNC9CB5k2vLAQJidYCsHvAgtXbklqnuidEwx7yGrMrdGhl0L0P3iNKW9I07J6tQ=="
    },
    "foundation-sites": {
      "version": "6.4.4-rc1",
      "resolved": "https://registry.npmjs.org/foundation-sites/-/foundation-sites-6.4.4-rc1.tgz",
      "integrity": "sha512-26cL66QFNqMVwM7bmIEqq4jiW+6CkIeW719ci1pchdJ4UK0Om+3Jl7MhkX/lzdzRHB75f2m1IK9lxk3JGOwApA==",
      "requires": {
        "jquery": ">=3.0.0",
        "what-input": "^4.1.3"
      }
    },
    "jQuery.serializeObject": {
      "version": "git+https://github.com/hongymagic/jQuery.serializeObject.git#7dbebed927938ece9eee63b09486642ca3a5ca58",
      "from": "git+https://github.com/hongymagic/jQuery.serializeObject.git"
    },
    "jquery": {
      "version": "3.3.1",
      "resolved": "https://registry.npmjs.org/jquery/-/jquery-3.3.1.tgz",
      "integrity": "sha512-Ubldcmxp5np52/ENotGxlLe6aGMvmF4R8S6tZjsP6Knsaxd/xp3Zrh50cG93lR6nPXyUFwzN3ZSOQI0wRJNdGg=="
    },
    "js-tokens": {
      "version": "3.0.2",
      "resolved": "https://registry.npmjs.org/js-tokens/-/js-tokens-3.0.2.tgz",
      "integrity": "sha1-mGbfOVECEw449/mWvOtlRDIJwls="
    },
    "loose-envify": {
      "version": "1.3.1",
      "resolved": "https://registry.npmjs.org/loose-envify/-/loose-envify-1.3.1.tgz",
      "integrity": "sha1-0aitM/qc4OcT1l/dCsi3SNR4yEg=",
      "requires": {
        "js-tokens": "^3.0.0"
      }
    },
    "v-autocomplete": {
      "version": "1.8.2",
      "resolved": "https://registry.npmjs.org/v-autocomplete/-/v-autocomplete-1.8.2.tgz",
      "integrity": "sha1-lmx7PtosdN1oORERSiAoTNCWlh8="
    },
    "vue": {
      "version": "2.5.16",
      "resolved": "https://registry.npmjs.org/vue/-/vue-2.5.16.tgz",
      "integrity": "sha512-/ffmsiVuPC8PsWcFkZngdpas19ABm5mh2wA7iDqcltyCTwlgZjHGeJYOXkBMo422iPwIcviOtrTCUpSfXmToLQ=="
    },
    "vue-clickaway": {
      "version": "2.2.2",
      "resolved": "https://registry.npmjs.org/vue-clickaway/-/vue-clickaway-2.2.2.tgz",
      "integrity": "sha512-25SpjXKetL06GLYoLoC8pqAV6Cur9cQ//2g35GRFBV4FgoljbZZjTINR8g2NuVXXDMLSUXaKx5dutgO4PaDE7A==",
      "requires": {
        "loose-envify": "^1.2.0"
      }
    },
    "vue-instant": {
      "version": "1.0.2",
      "resolved": "https://registry.npmjs.org/vue-instant/-/vue-instant-1.0.2.tgz",
      "integrity": "sha1-NUqdaB+4lVSEh0nwSosOkvLHGuk=",
      "requires": {
        "vue": "^2.1.8",
        "vue-clickaway": "^2.1.0"
      }
    },
    "vuejs": {
      "version": "3.0.1",
      "resolved": "https://registry.npmjs.org/vuejs/-/vuejs-3.0.1.tgz",
      "integrity": "sha512-7SBlojmqoRX8/GIyWU+4U2sZsefLY+KrD0z7F20G9xsDcQOu6vAlWOqcPAKp+Ym4u394budHBRFv8t36cPxUxg=="
    },
    "what-input": {
      "version": "4.3.1",
      "resolved": "https://registry.npmjs.org/what-input/-/what-input-4.3.1.tgz",
      "integrity": "sha512-7KD71RWNRWI9M08shZ8+n/2UjO5amwsG9PMSXWz0iIlH8H2DVbHE8Z2tW1RqQa0kIwdeqdUIffFz7crDfkcbAw=="
    }
  }
}
